{
  "version": 4,
  "terraform_version": "1.12.1",
  "serial": 20,
  "lineage": "428c6eaf-8c79-6b51-fd97-1921df96b11e",
  "outputs": {
    "region": {
      "value": "us-east-1",
      "type": "string"
    },
    "web_id": {
      "value": "arn:aws:ec2:us-east-1::instance/i-74d69183f3a29c1e9",
      "type": "string"
    }
  },
  "resources": [
    {
      "mode": "data",
      "type": "aws_region",
      "name": "current",
      "provider": "provider[\"registry.terraform.io/hashicorp/aws\"]",
      "instances": [
        {
          "schema_version": 0,
          "attributes": {
            "description": "US East (N. Virginia)",
            "endpoint": "ec2.us-east-1.amazonaws.com",
            "id": "us-east-1",
            "name": "us-east-1",
            "region": "us-east-1"
          },
          "sensitive_attributes": [],
          "identity_schema_version": 0
        }
      ]
    },
    {
      "mode": "managed",
      "type": "aws_instance",
      "name": "web",
      "provider": "provider[\"registry.terraform.io/hashicorp/aws\"]",
      "instances": [
        {
          "schema_version": 2,
          "attributes": {
            "ami": "ami-005e54dee72cc1235",
            "arn": "arn:aws:ec2:us-east-1::instance/i-74d69183f3a29c1e9",
            "associate_public_ip_address": true,
            "availability_zone": "us-east-1a",
            "capacity_reservation_specification": [],
            "cpu_options": [],
            "credit_specification": [],
            "disable_api_stop": false,
            "disable_api_termination": false,
            "ebs_block_device": [],
            "ebs_optimized": false,
            "enable_primary_ipv6": null,
            "enclave_options": [],
            "ephemeral_block_device": [],
            "get_password_data": false,
            "hibernation": false,
            "host_id": "",
            "host_resource_group_arn": null,
            "iam_instance_profile": "",
            "id": "i-74d69183f3a29c1e9",
            "instance_initiated_shutdown_behavior": "stop",
            "instance_lifecycle": "",
            "instance_market_options": [],
            "instance_state": "running",
            "instance_type": "c5.large",
            "ipv6_address_count": 0,
            "ipv6_addresses": [],
            "key_name": "",
            "launch_template": [],
            "maintenance_options": [],
            "metadata_options": [
              {
                "http_endpoint": "enabled",
                "http_protocol_ipv6": "disabled",
                "http_put_response_hop_limit": 1,
                "http_tokens": "optional",
                "instance_metadata_tags": "disabled"
              }
            ],
            "monitoring": false,
            "network_interface": [],
            "outpost_arn": "",
            "password_data": "",
            "placement_group": "",
            "placement_partition_number": 0,
            "primary_network_interface_id": "eni-a007f0ad5ed709f42",
            "private_dns": "ip-10-216-158-192.ec2.internal",
            "private_dns_name_options": [],
            "private_ip": "10.216.158.192",
            "public_dns": "ec2-54-214-55-100.compute-1.amazonaws.com",
            "public_ip": "54.214.55.100",
            "region": "us-east-1",
            "root_block_device": [
              {
                "delete_on_termination": true,
                "device_name": "/dev/sda1",
                "encrypted": false,
                "iops": 0,
                "kms_key_id": "",
                "tags": {},
                "tags_all": {},
                "throughput": 0,
                "volume_id": "vol-fa486d966e719b042",
                "volume_size": 8,
                "volume_type": "gp2"
              }
            ],
            "secondary_private_ips": [],
            "security_groups": [],
            "source_dest_check": true,
            "spot_instance_request_id": "",
            "subnet_id": "subnet-a12df55fbf2774590",
            "tags": null,
            "tags_all": {},
            "tenancy": "default",
            "timeouts": null,
            "user_data": null,
            "user_data_base64": null,
            "user_data_replace_on_change": false,
            "volume_tags": null,
            "vpc_security_group_ids": []
          },
          "sensitive_attributes": [],
          "identity_schema_version": 0,
          "private": "eyJlMmJmYjczMC1lY2FhLTExZTYtOGY4OC0zNDM2M2JjN2M0YzAiOnsiY3JlYXRlIjo2MDAwMDAwMDAwMDAsImRlbGV0ZSI6MTIwMDAwMDAwMDAwMCwicmVhZCI6OTAwMDAwMDAwMDAwLCJ1cGRhdGUiOjYwMDAwMDAwMDAwMH0sInNjaGVtYV92ZXJzaW9uIjoiMiJ9"
        }
      ]
    },
    {
      "mode": "managed",
      "type": "aws_instance",
      "name": "web1",
      "provider": "provider[\"registry.terraform.io/hashicorp/aws\"]",
      "instances": [
        {
          "schema_version": 2,
          "attributes": {
            "ami": "ami-005e54dee72cc1d00",
            "arn": "arn:aws:ec2:us-east-1::instance/i-76958750a897396cb",
            "associate_public_ip_address": true,
            "availability_zone": "us-east-1a",
            "capacity_reservation_specification": [],
            "cpu_options": [],
            "credit_specification": [],
            "disable_api_stop": false,
            "disable_api_termination": false,
            "ebs_block_device": [],
            "ebs_optimized": false,
            "enable_primary_ipv6": null,
            "enclave_options": [],
            "ephemeral_block_device": [],
            "get_password_data": false,
            "hibernation": false,
            "host_id": "",
            "host_resource_group_arn": null,
            "iam_instance_profile": "",
            "id": "i-76958750a897396cb",
            "instance_initiated_shutdown_behavior": "stop",
            "instance_lifecycle": "",
            "instance_market_options": [],
            "instance_state": "running",
            "instance_type": "c5.large",
            "ipv6_address_count": 0,
            "ipv6_addresses": [],
            "key_name": "",
            "launch_template": [],
            "maintenance_options": [],
            "metadata_options": [
              {
                "http_endpoint": "enabled",
                "http_protocol_ipv6": "disabled",
                "http_put_response_hop_limit": 1,
                "http_tokens": "optional",
                "instance_metadata_tags": "disabled"
              }
            ],
            "monitoring": false,
            "network_interface": [],
            "outpost_arn": "",
            "password_data": "",
            "placement_group": "",
            "placement_partition_number": 0,
            "primary_network_interface_id": "eni-b52f893ff4d4017f6",
            "private_dns": "ip-10-205-23-217.ec2.internal",
            "private_dns_name_options": [],
            "private_ip": "10.205.23.217",
            "public_dns": "ec2-54-214-0-242.compute-1.amazonaws.com",
            "public_ip": "54.214.0.242",
            "region": "us-east-1",
            "root_block_device": [
              {
                "delete_on_termination": true,
                "device_name": "/dev/sda1",
                "encrypted": false,
                "iops": 0,
                "kms_key_id": "",
                "tags": {},
                "tags_all": {},
                "throughput": 0,
                "volume_id": "vol-3ba6a43ab715bc552",
                "volume_size": 8,
                "volume_type": "gp2"
              }
            ],
            "secondary_private_ips": [],
            "security_groups": [],
            "source_dest_check": true,
            "spot_instance_request_id": "",
            "subnet_id": "subnet-a12df55fbf2774590",
            "tags": null,
            "tags_all": {},
            "tenancy": "default",
            "timeouts": null,
            "user_data": null,
            "user_data_base64": null,
            "user_data_replace_on_change": false,
            "volume_tags": null,
            "vpc_security_group_ids": []
          },
          "sensitive_attributes": [],
          "identity_schema_version": 0,
          "private": "eyJlMmJmYjczMC1lY2FhLTExZTYtOGY4OC0zNDM2M2JjN2M0YzAiOnsiY3JlYXRlIjo2MDAwMDAwMDAwMDAsImRlbGV0ZSI6MTIwMDAwMDAwMDAwMCwicmVhZCI6OTAwMDAwMDAwMDAwLCJ1cGRhdGUiOjYwMDAwMDAwMDAwMH0sInNjaGVtYV92ZXJzaW9uIjoiMiJ9"
        }
      ]
    },
    {
      "mode": "managed",
      "type": "aws_vpc",
      "name": "main",
      "provider": "provider[\"registry.terraform.io/hashicorp/aws\"]",
      "instances": [
        {
          "schema_version": 1,
          "attributes": {
            "arn": "arn:aws:ec2:us-east-1:000000000000:vpc/vpc-bcffad4f4946f242e",
            "assign_generated_ipv6_cidr_block": false,
            "cidr_block": "10.0.0.0/16",
            "default_network_acl_id": "acl-2553ce75142cbe19b",
            "default_route_table_id": "rtb-ef830b014a8854601",
            "default_security_group_id": "sg-c00ce33c6830bbd72",
            "dhcp_options_id": "default",
            "enable_dns_hostnames": false,
            "enable_dns_support": true,
            "enable_network_address_usage_metrics": false,
            "id": "vpc-bcffad4f4946f242e",
            "instance_tenancy": "default",
            "ipv4_ipam_pool_id": null,
            "ipv4_netmask_length": null,
            "ipv6_association_id": "",
            "ipv6_cidr_block": "",
            "ipv6_cidr_block_network_border_group": "",
            "ipv6_ipam_pool_id": "",
            "ipv6_netmask_length": 0,
            "main_route_table_id": "rtb-ef830b014a8854601",
            "owner_id": "000000000000",
            "region": "us-east-1",
            "tags": null,
            "tags_all": {}
          },
          "sensitive_attributes": [],
          "identity_schema_version": 0,
          "private": "eyJzY2hlbWFfdmVyc2lvbiI6IjEifQ=="
        }
      ]
    }
  ],
  "check_results": null
}
